{
    "name": "beamjs",
    "version": "0.9.1-29",
    "lockfileVersion": 1,
    "requires": true,
    "dependencies": {
        "@types/node": {
            "version": "12.0.10",
            "resolved": "https://registry.npmjs.org/@types/node/-/node-12.0.10.tgz",
            "integrity": "sha512-LcsGbPomWsad6wmMNv7nBLw7YYYyfdYcz6xryKYQhx89c3XXan+8Q6AJ43G5XDIaklaVkK3mE4fCb0SBvMiPSQ=="
        },
        "any-promise": {
            "version": "1.3.0",
            "resolved": "https://registry.npmjs.org/any-promise/-/any-promise-1.3.0.tgz",
            "integrity": "sha1-q8av7tzqUugJzcA3au0845Y10X8="
        },
        "array-includes": {
            "version": "3.0.3",
            "resolved": "https://registry.npmjs.org/array-includes/-/array-includes-3.0.3.tgz",
            "integrity": "sha1-GEtI9i2S10UrsxsyMWXH+L0CJm0=",
            "dev": true,
            "requires": {
                "define-properties": "^1.1.2",
                "es-abstract": "^1.7.0"
            }
        },
        "balanced-match": {
            "version": "1.0.0",
            "resolved": "https://registry.npmjs.org/balanced-match/-/balanced-match-1.0.0.tgz",
            "integrity": "sha1-ibTRmasr7kneFk6gK4nORi1xt2c=",
            "dev": true
        },
        "bluebird": {
            "version": "3.5.0",
            "resolved": "https://registry.npmjs.org/bluebird/-/bluebird-3.5.0.tgz",
            "integrity": "sha1-eRQg1/VR7qKJdFOop3ZT+WYG1nw="
        },
        "brace-expansion": {
            "version": "1.1.11",
            "resolved": "https://registry.npmjs.org/brace-expansion/-/brace-expansion-1.1.11.tgz",
            "integrity": "sha512-iCuPHDFgrHX7H2vEI/5xpz07zSHB00TpugqhmYtVmMO6518mCuRMoOYFldEBl0g187ufozdaHgWKcYFb61qGiA==",
            "dev": true,
            "requires": {
                "balanced-match": "^1.0.0",
                "concat-map": "0.0.1"
            }
        },
        "bson": {
            "version": "1.0.9",
            "resolved": "https://registry.npmjs.org/bson/-/bson-1.0.9.tgz",
            "integrity": "sha512-IQX9/h7WdMBIW/q/++tGd+emQr0XMdeZ6icnT/74Xk9fnabWn+gZgpE+9V+gujL3hhJOoNrnDVY7tWdzc7NUTg=="
        },
        "buffer-shims": {
            "version": "1.0.0",
            "resolved": "https://registry.npmjs.org/buffer-shims/-/buffer-shims-1.0.0.tgz",
            "integrity": "sha1-mXjOMXOIxkmth5MCjDR37wRKi1E="
        },
        "cls-bluebird": {
            "version": "2.1.0",
            "resolved": "https://registry.npmjs.org/cls-bluebird/-/cls-bluebird-2.1.0.tgz",
            "integrity": "sha1-N+8eCAqP+1XC9BZPU28ZGeeWiu4=",
            "requires": {
                "is-bluebird": "^1.0.2",
                "shimmer": "^1.1.0"
            }
        },
        "concat-map": {
            "version": "0.0.1",
            "resolved": "https://registry.npmjs.org/concat-map/-/concat-map-0.0.1.tgz",
            "integrity": "sha1-2Klr13/Wjfd5OnMDajug1UBdR3s=",
            "dev": true
        },
        "contains-path": {
            "version": "0.1.0",
            "resolved": "https://registry.npmjs.org/contains-path/-/contains-path-0.1.0.tgz",
            "integrity": "sha1-/ozxhP9mcLa67wGp1IYaXL7EEgo=",
            "dev": true
        },
        "core-util-is": {
            "version": "1.0.2",
            "resolved": "https://registry.npmjs.org/core-util-is/-/core-util-is-1.0.2.tgz",
            "integrity": "sha1-tf1UIgqivFq1eqtxQMlAdUUDwac="
        },
        "debug": {
            "version": "2.6.9",
            "resolved": "https://registry.npmjs.org/debug/-/debug-2.6.9.tgz",
            "integrity": "sha512-bC7ElrdJaJnPbAP+1EotYvqZsb3ecl5wi6Bfi6BJTUcNowp6cvspg0jXznRTKDjm/E7AdgFBVeAPVMNcKGsHMA==",
            "requires": {
                "ms": "2.0.0"
            }
        },
        "define-properties": {
            "version": "1.1.3",
            "resolved": "https://registry.npmjs.org/define-properties/-/define-properties-1.1.3.tgz",
            "integrity": "sha512-3MqfYKj2lLzdMSf8ZIZE/V+Zuy+BgD6f164e8K2w7dgnpKArBDerGYpM46IYYcjnkdPNMjPk9A6VFB8+3SKlXQ==",
            "dev": true,
            "requires": {
                "object-keys": "^1.0.12"
            }
        },
        "doctrine": {
            "version": "1.5.0",
            "resolved": "https://registry.npmjs.org/doctrine/-/doctrine-1.5.0.tgz",
            "integrity": "sha1-N53Ocw9hZvds76TmcHoVmwLFpvo=",
            "dev": true,
            "requires": {
                "esutils": "^2.0.2",
                "isarray": "^1.0.0"
            },
            "dependencies": {
                "isarray": {
                    "version": "1.0.0",
                    "resolved": "https://registry.npmjs.org/isarray/-/isarray-1.0.0.tgz",
                    "integrity": "sha1-u5NdSFgsuhaMBoNJV6VKPgcSTxE=",
                    "dev": true
                }
            }
        },
        "dottie": {
            "version": "2.0.1",
            "resolved": "https://registry.npmjs.org/dottie/-/dottie-2.0.1.tgz",
            "integrity": "sha512-ch5OQgvGDK2u8pSZeSYAQaV/lczImd7pMJ7BcEPXmnFVjy4yJIzP6CsODJUTH8mg1tyH1Z2abOiuJO3DjZ/GBw=="
        },
        "error-ex": {
            "version": "1.3.2",
            "resolved": "https://registry.npmjs.org/error-ex/-/error-ex-1.3.2.tgz",
            "integrity": "sha512-7dFHNmqeFSEt2ZBsCriorKnn3Z2pj+fd9kmI6QoWw4//DL+icEBfc0U7qJCisqrTsKTjw4fNFy2pW9OqStD84g==",
            "dev": true,
            "requires": {
                "is-arrayish": "^0.2.1"
            }
        },
        "es-abstract": {
            "version": "1.13.0",
            "resolved": "https://registry.npmjs.org/es-abstract/-/es-abstract-1.13.0.tgz",
            "integrity": "sha512-vDZfg/ykNxQVwup/8E1BZhVzFfBxs9NqMzGcvIJrqg5k2/5Za2bWo40dK2J1pgLngZ7c+Shh8lwYtLGyrwPutg==",
            "dev": true,
            "requires": {
                "es-to-primitive": "^1.2.0",
                "function-bind": "^1.1.1",
                "has": "^1.0.3",
                "is-callable": "^1.1.4",
                "is-regex": "^1.0.4",
                "object-keys": "^1.0.12"
            }
        },
        "es-to-primitive": {
            "version": "1.2.0",
            "resolved": "https://registry.npmjs.org/es-to-primitive/-/es-to-primitive-1.2.0.tgz",
            "integrity": "sha512-qZryBOJjV//LaxLTV6UC//WewneB3LcXOL9NP++ozKVXsIIIpm/2c13UDiD9Jp2eThsecw9m3jPqDwTyobcdbg==",
            "dev": true,
            "requires": {
                "is-callable": "^1.1.4",
                "is-date-object": "^1.0.1",
                "is-symbol": "^1.0.2"
            }
        },
        "eslint-config-standard": {
            "version": "10.2.1",
            "resolved": "https://registry.npmjs.org/eslint-config-standard/-/eslint-config-standard-10.2.1.tgz",
            "integrity": "sha1-wGHk0GbzedwXzVYsZOgZtN1FRZE=",
            "dev": true
        },
        "eslint-import-resolver-node": {
            "version": "0.3.2",
            "resolved": "https://registry.npmjs.org/eslint-import-resolver-node/-/eslint-import-resolver-node-0.3.2.tgz",
            "integrity": "sha512-sfmTqJfPSizWu4aymbPr4Iidp5yKm8yDkHp+Ir3YiTHiiDfxh69mOUsmiqW6RZ9zRXFaF64GtYmN7e+8GHBv6Q==",
            "dev": true,
            "requires": {
                "debug": "^2.6.9",
                "resolve": "^1.5.0"
            }
        },
        "eslint-module-utils": {
            "version": "2.4.0",
            "resolved": "https://registry.npmjs.org/eslint-module-utils/-/eslint-module-utils-2.4.0.tgz",
            "integrity": "sha512-14tltLm38Eu3zS+mt0KvILC3q8jyIAH518MlG+HO0p+yK885Lb1UHTY/UgR91eOyGdmxAPb+OLoW4znqIT6Ndw==",
            "dev": true,
            "requires": {
                "debug": "^2.6.8",
                "pkg-dir": "^2.0.0"
            }
        },
        "eslint-plugin-import": {
            "version": "2.17.2",
            "resolved": "https://registry.npmjs.org/eslint-plugin-import/-/eslint-plugin-import-2.17.2.tgz",
            "integrity": "sha512-m+cSVxM7oLsIpmwNn2WXTJoReOF9f/CtLMo7qOVmKd1KntBy0hEcuNZ3erTmWjx+DxRO0Zcrm5KwAvI9wHcV5g==",
            "dev": true,
            "requires": {
                "array-includes": "^3.0.3",
                "contains-path": "^0.1.0",
                "debug": "^2.6.9",
                "doctrine": "1.5.0",
                "eslint-import-resolver-node": "^0.3.2",
                "eslint-module-utils": "^2.4.0",
                "has": "^1.0.3",
                "lodash": "^4.17.11",
                "minimatch": "^3.0.4",
                "read-pkg-up": "^2.0.0",
                "resolve": "^1.10.0"
            },
            "dependencies": {
                "lodash": {
                    "version": "4.17.11",
                    "resolved": "https://registry.npmjs.org/lodash/-/lodash-4.17.11.tgz",
                    "integrity": "sha512-cQKh8igo5QUhZ7lg38DYWAxMvjSAKG0A8wGSVimP07SIUEK2UO+arSRKbRZWtelMtN5V0Hkwh5ryOto/SshYIg==",
                    "dev": true
                }
            }
        },
        "eslint-plugin-node": {
            "version": "5.2.1",
            "resolved": "https://registry.npmjs.org/eslint-plugin-node/-/eslint-plugin-node-5.2.1.tgz",
            "integrity": "sha512-xhPXrh0Vl/b7870uEbaumb2Q+LxaEcOQ3kS1jtIXanBAwpMre1l5q/l2l/hESYJGEFKuI78bp6Uw50hlpr7B+g==",
            "dev": true,
            "requires": {
                "ignore": "^3.3.6",
                "minimatch": "^3.0.4",
                "resolve": "^1.3.3",
                "semver": "5.3.0"
            },
            "dependencies": {
                "semver": {
                    "version": "5.3.0",
                    "resolved": "https://registry.npmjs.org/semver/-/semver-5.3.0.tgz",
                    "integrity": "sha1-myzl094C0XxgEq0yaqa00M9U+U8=",
                    "dev": true
                }
            }
        },
        "eslint-plugin-promise": {
            "version": "3.8.0",
            "resolved": "https://registry.npmjs.org/eslint-plugin-promise/-/eslint-plugin-promise-3.8.0.tgz",
            "integrity": "sha512-JiFL9UFR15NKpHyGii1ZcvmtIqa3UTwiDAGb8atSffe43qJ3+1czVGN6UtkklpcJ2DVnqvTMzEKRaJdBkAL2aQ==",
            "dev": true
        },
        "eslint-plugin-standard": {
            "version": "3.1.0",
            "resolved": "https://registry.npmjs.org/eslint-plugin-standard/-/eslint-plugin-standard-3.1.0.tgz",
            "integrity": "sha512-fVcdyuKRr0EZ4fjWl3c+gp1BANFJD1+RaWa2UPYfMZ6jCtp5RG00kSaXnK/dE5sYzt4kaWJ9qdxqUfc0d9kX0w==",
            "dev": true
        },
        "esutils": {
            "version": "2.0.2",
            "resolved": "https://registry.npmjs.org/esutils/-/esutils-2.0.2.tgz",
            "integrity": "sha1-Cr9PHKpbyx96nYrMbepPqqBLrJs=",
            "dev": true
        },
        "find-up": {
            "version": "2.1.0",
            "resolved": "https://registry.npmjs.org/find-up/-/find-up-2.1.0.tgz",
            "integrity": "sha1-RdG35QbHF93UgndaK3eSCjwMV6c=",
            "dev": true,
            "requires": {
                "locate-path": "^2.0.0"
            }
        },
        "function-bind": {
            "version": "1.1.1",
            "resolved": "https://registry.npmjs.org/function-bind/-/function-bind-1.1.1.tgz",
            "integrity": "sha512-yIovAzMX49sF8Yl58fSCWJ5svSLuaibPxXQJFLmBObTuCr0Mf1KiPopGM9NiFjiYBCbfaa2Fh6breQ6ANVTI0A==",
            "dev": true
        },
        "graceful-fs": {
            "version": "4.1.15",
            "resolved": "https://registry.npmjs.org/graceful-fs/-/graceful-fs-4.1.15.tgz",
            "integrity": "sha512-6uHUhOPEBgQ24HM+r6b/QwWfZq+yiFcipKFrOFiBEnWdy5sdzYoi+pJeQaPI5qOLRFqWmAXUPQNsielzdLoecA==",
            "dev": true
        },
        "has": {
            "version": "1.0.3",
            "resolved": "https://registry.npmjs.org/has/-/has-1.0.3.tgz",
            "integrity": "sha512-f2dvO0VU6Oej7RkWJGrehjbzMAjFp5/VKPp5tTpWIV4JHHZK1/BxbFRtf/siA2SWTe09caDmVtYYzWEIbBS4zw==",
            "dev": true,
            "requires": {
                "function-bind": "^1.1.1"
            }
        },
        "has-symbols": {
            "version": "1.0.0",
            "resolved": "https://registry.npmjs.org/has-symbols/-/has-symbols-1.0.0.tgz",
            "integrity": "sha1-uhqPGvKg/DllD1yFA2dwQSIGO0Q=",
            "dev": true
        },
        "hooks-fixed": {
            "version": "2.0.2",
            "resolved": "https://registry.npmjs.org/hooks-fixed/-/hooks-fixed-2.0.2.tgz",
            "integrity": "sha512-YurCM4gQSetcrhwEtpQHhQ4M7Zo7poNGqY4kQGeBS6eZtOcT3tnNs01ThFa0jYBByAiYt1MjMjP/YApG0EnAvQ=="
        },
        "hosted-git-info": {
            "version": "2.7.1",
            "resolved": "https://registry.npmjs.org/hosted-git-info/-/hosted-git-info-2.7.1.tgz",
            "integrity": "sha512-7T/BxH19zbcCTa8XkMlbK5lTo1WtgkFi3GvdWEyNuc4Vex7/9Dqbnpsf4JMydcfj9HCg4zUWFTL3Za6lapg5/w==",
            "dev": true
        },
        "ignore": {
            "version": "3.3.10",
            "resolved": "https://registry.npmjs.org/ignore/-/ignore-3.3.10.tgz",
            "integrity": "sha512-Pgs951kaMm5GXP7MOvxERINe3gsaVjUWFm+UZPSq9xYriQAksyhg0csnS0KXSNRD5NmNdapXEpjxG49+AKh/ug==",
            "dev": true
        },
        "inflection": {
            "version": "1.12.0",
            "resolved": "https://registry.npmjs.org/inflection/-/inflection-1.12.0.tgz",
            "integrity": "sha1-ogCTVlbW9fa8TcdQLhrstwMihBY="
        },
        "inherits": {
            "version": "2.0.3",
            "resolved": "https://registry.npmjs.org/inherits/-/inherits-2.0.3.tgz",
            "integrity": "sha1-Yzwsg+PaQqUC9SRmAiSA9CCCYd4="
        },
        "is-arrayish": {
            "version": "0.2.1",
            "resolved": "https://registry.npmjs.org/is-arrayish/-/is-arrayish-0.2.1.tgz",
            "integrity": "sha1-d8mYQFJ6qOyxqLppe4BkWnqSap0=",
            "dev": true
        },
        "is-bluebird": {
            "version": "1.0.2",
            "resolved": "https://registry.npmjs.org/is-bluebird/-/is-bluebird-1.0.2.tgz",
            "integrity": "sha1-CWQ5Bg9KpBGr7hkUOoTWpVNG1uI="
        },
        "is-callable": {
            "version": "1.1.4",
            "resolved": "https://registry.npmjs.org/is-callable/-/is-callable-1.1.4.tgz",
            "integrity": "sha512-r5p9sxJjYnArLjObpjA4xu5EKI3CuKHkJXMhT7kwbpUyIFD1n5PMAsoPvWnvtZiNz7LjkYDRZhd7FlI0eMijEA==",
            "dev": true
        },
        "is-date-object": {
            "version": "1.0.1",
            "resolved": "https://registry.npmjs.org/is-date-object/-/is-date-object-1.0.1.tgz",
            "integrity": "sha1-mqIOtq7rv/d/vTPnTKAbM1gdOhY=",
            "dev": true
        },
        "is-regex": {
            "version": "1.0.4",
            "resolved": "https://registry.npmjs.org/is-regex/-/is-regex-1.0.4.tgz",
            "integrity": "sha1-VRdIm1RwkbCTDglWVM7SXul+lJE=",
            "dev": true,
            "requires": {
                "has": "^1.0.1"
            }
        },
        "is-symbol": {
            "version": "1.0.2",
            "resolved": "https://registry.npmjs.org/is-symbol/-/is-symbol-1.0.2.tgz",
            "integrity": "sha512-HS8bZ9ox60yCJLH9snBpIwv9pYUAkcuLhSA1oero1UB5y9aiQpRA8y2ex945AOtCZL1lJDeIk3G5LthswI46Lw==",
            "dev": true,
            "requires": {
                "has-symbols": "^1.0.0"
            }
        },
        "kareem": {
            "version": "1.5.0",
            "resolved": "https://registry.npmjs.org/kareem/-/kareem-1.5.0.tgz",
            "integrity": "sha1-4+QQHZ3P3imXadr0tNtk2JXRdEg="
        },
        "load-json-file": {
            "version": "2.0.0",
            "resolved": "https://registry.npmjs.org/load-json-file/-/load-json-file-2.0.0.tgz",
            "integrity": "sha1-eUfkIUmvgNaWy/eXvKq8/h/inKg=",
            "dev": true,
            "requires": {
                "graceful-fs": "^4.1.2",
                "parse-json": "^2.2.0",
                "pify": "^2.0.0",
                "strip-bom": "^3.0.0"
            },
            "dependencies": {
                "pify": {
                    "version": "2.3.0",
                    "resolved": "https://registry.npmjs.org/pify/-/pify-2.3.0.tgz",
                    "integrity": "sha1-7RQaasBDqEnqWISY59yosVMw6Qw=",
                    "dev": true
                }
            }
        },
        "locate-path": {
            "version": "2.0.0",
            "resolved": "https://registry.npmjs.org/locate-path/-/locate-path-2.0.0.tgz",
            "integrity": "sha1-K1aLJl7slExtnA3pw9u7ygNUzY4=",
            "dev": true,
            "requires": {
                "p-locate": "^2.0.0",
                "path-exists": "^3.0.0"
            }
        },
        "lodash": {
            "version": "4.17.5",
            "resolved": "https://registry.npmjs.org/lodash/-/lodash-4.17.5.tgz",
            "integrity": "sha512-svL3uiZf1RwhH+cWrfZn3A4+U58wbP0tGVTLQPbjplZxZ8ROD9VLuNgsRniTlLe7OlSqR79RUehXgpBW/s0IQw=="
        },
        "lodash.get": {
            "version": "4.4.2",
            "resolved": "https://registry.npmjs.org/lodash.get/-/lodash.get-4.4.2.tgz",
            "integrity": "sha1-LRd/ZS+jHpObRDjVNBSZ36OCXpk="
        },
        "minimatch": {
            "version": "3.0.4",
            "resolved": "https://registry.npmjs.org/minimatch/-/minimatch-3.0.4.tgz",
            "integrity": "sha512-yJHVQEhyqPLUTgt9B83PXu6W3rx4MvvHvSUvToogpwoGDOUQ+yDrR0HRot+yOCdCO7u4hX3pWft6kWBBcqh0UA==",
            "dev": true,
            "requires": {
                "brace-expansion": "^1.1.7"
            }
        },
        "moment": {
            "version": "2.24.0",
            "resolved": "https://registry.npmjs.org/moment/-/moment-2.24.0.tgz",
            "integrity": "sha512-bV7f+6l2QigeBBZSM/6yTNq4P2fNpSWj/0e7jQcy87A8e7o2nAfP/34/2ky5Vw4B9S446EtIhodAzkFCcR4dQg=="
        },
        "moment-timezone": {
            "version": "0.5.25",
            "resolved": "https://registry.npmjs.org/moment-timezone/-/moment-timezone-0.5.25.tgz",
            "integrity": "sha512-DgEaTyN/z0HFaVcVbSyVCUU6HeFdnNC3vE4c9cgu2dgMTvjBUBdBzWfasTBmAW45u5OIMeCJtU8yNjM22DHucw==",
            "requires": {
                "moment": ">= 2.9.0"
            }
        },
        "mongodb": {
            "version": "2.2.34",
            "resolved": "https://registry.npmjs.org/mongodb/-/mongodb-2.2.34.tgz",
            "integrity": "sha1-o09Zu+thdUrsQy3nLD/iFSakTBo=",
            "requires": {
                "es6-promise": "3.2.1",
                "mongodb-core": "2.1.18",
                "readable-stream": "2.2.7"
            },
            "dependencies": {
                "es6-promise": {
                    "version": "3.2.1",
                    "resolved": "https://registry.npmjs.org/es6-promise/-/es6-promise-3.2.1.tgz",
                    "integrity": "sha1-7FYjOGgDKQkgcXDDlEjiREndH8Q="
                },
                "isarray": {
                    "version": "1.0.0",
                    "resolved": "https://registry.npmjs.org/isarray/-/isarray-1.0.0.tgz",
                    "integrity": "sha1-u5NdSFgsuhaMBoNJV6VKPgcSTxE="
                },
                "process-nextick-args": {
                    "version": "1.0.7",
                    "resolved": "https://registry.npmjs.org/process-nextick-args/-/process-nextick-args-1.0.7.tgz",
                    "integrity": "sha1-FQ4gt1ZZCtP5EJPyWk8q2L/zC6M="
                },
                "readable-stream": {
                    "version": "2.2.7",
                    "resolved": "https://registry.npmjs.org/readable-stream/-/readable-stream-2.2.7.tgz",
                    "integrity": "sha1-BwV6y+JGeyIELTb5jFrVBwVOlbE=",
                    "requires": {
                        "buffer-shims": "~1.0.0",
                        "core-util-is": "~1.0.0",
                        "inherits": "~2.0.1",
                        "isarray": "~1.0.0",
                        "process-nextick-args": "~1.0.6",
                        "string_decoder": "~1.0.0",
                        "util-deprecate": "~1.0.1"
                    }
                },
                "string_decoder": {
                    "version": "1.0.3",
                    "resolved": "https://registry.npmjs.org/string_decoder/-/string_decoder-1.0.3.tgz",
                    "integrity": "sha512-4AH6Z5fzNNBcH+6XDMfA/BTt87skxqJlO0lAh3Dker5zThcAxG6mKz+iGu308UKoPPQ8Dcqx/4JhujzltRa+hQ==",
                    "requires": {
                        "safe-buffer": "~5.1.0"
                    }
                }
            }
        },
        "mongodb-autoincrement": {
            "version": "github:quaNode/mongodb-autoincrement#d11a76b58a701c231d1d75d492661de78f472607",
            "from": "github:quaNode/mongodb-autoincrement"
        },
        "mongodb-core": {
            "version": "2.1.18",
            "resolved": "https://registry.npmjs.org/mongodb-core/-/mongodb-core-2.1.18.tgz",
            "integrity": "sha1-TEYTm986HwMt7ZHbSfOO7AFlkFA=",
            "requires": {
                "bson": "~1.0.4",
                "require_optional": "~1.0.0"
            }
        },
        "mongoose": {
            "version": "4.13.18",
            "resolved": "https://registry.npmjs.org/mongoose/-/mongoose-4.13.18.tgz",
            "integrity": "sha512-pPZlVID+/9xl0pyBibr7CZbjYKzpJZuw58TdWwIxr3ydO/OUZqhX1kUEAQIzsOJVSsL6GnD1fb54reO35jvLtw==",
            "requires": {
                "async": "2.6.0",
                "bson": "~1.0.4",
                "hooks-fixed": "2.0.2",
                "kareem": "1.5.0",
                "lodash.get": "4.4.2",
                "mongodb": "2.2.34",
                "mpath": "0.5.1",
                "mpromise": "0.5.5",
                "mquery": "2.3.3",
                "ms": "2.0.0",
                "muri": "1.3.0",
                "regexp-clone": "0.0.1",
                "sliced": "1.0.1"
            },
            "dependencies": {
                "async": {
                    "version": "2.6.0",
                    "resolved": "https://registry.npmjs.org/async/-/async-2.6.0.tgz",
                    "integrity": "sha512-xAfGg1/NTLBBKlHFmnd7PlmUW9KhVQIUuSrYem9xzFUZy13ScvtyGGejaae9iAVRiRq9+Cx7DPFaAAhCpyxyPw==",
                    "requires": {
                        "lodash": "^4.14.0"
                    }
                }
            }
        },
        "mongoose-cache": {
            "version": "github:quaNode/mongoose-cache#c31537cf05f2ac9e207fe611e09afc79b5e0fb8d",
            "from": "github:quaNode/mongoose-cache",
            "requires": {
                "lru-cache": "4.0.x"
            },
            "dependencies": {
                "lru-cache": {
                    "version": "4.0.2",
                    "resolved": "https://registry.npmjs.org/lru-cache/-/lru-cache-4.0.2.tgz",
                    "integrity": "sha1-HRdnnAac2l0ECZGgnbwsDbN35V4=",
                    "requires": {
                        "pseudomap": "^1.0.1",
                        "yallist": "^2.0.0"
                    }
                }
            }
        },
        "mongoose-pagination": {
            "version": "github:quaNode/mongoose-pagination#379be599f8fa39bbd7cf2f833266da5d2e48ebf5",
            "from": "github:quaNode/mongoose-pagination"
        },
        "mpath": {
            "version": "0.5.1",
            "resolved": "https://registry.npmjs.org/mpath/-/mpath-0.5.1.tgz",
            "integrity": "sha512-H8OVQ+QEz82sch4wbODFOz+3YQ61FYz/z3eJ5pIdbMEaUzDqA268Wd+Vt4Paw9TJfvDgVKaayC0gBzMIw2jhsg=="
        },
        "mpromise": {
            "version": "0.5.5",
            "resolved": "https://registry.npmjs.org/mpromise/-/mpromise-0.5.5.tgz",
            "integrity": "sha1-9bJCWddjrMIlewoMjG2Gb9UXMuY="
        },
        "mquery": {
            "version": "2.3.3",
            "resolved": "https://registry.npmjs.org/mquery/-/mquery-2.3.3.tgz",
            "integrity": "sha512-NC8L14kn+qxJbbJ1gbcEMDxF0sC3sv+1cbRReXXwVvowcwY1y9KoVZFq0ebwARibsadu8lx8nWGvm3V0Pf0ZWQ==",
            "requires": {
                "bluebird": "3.5.0",
                "debug": "2.6.9",
                "regexp-clone": "0.0.1",
                "sliced": "0.0.5"
            },
            "dependencies": {
                "sliced": {
                    "version": "0.0.5",
                    "resolved": "https://registry.npmjs.org/sliced/-/sliced-0.0.5.tgz",
                    "integrity": "sha1-XtwETKTrb3gW1Qui/GPiXY/kcH8="
                }
            }
        },
        "ms": {
            "version": "2.0.0",
            "resolved": "https://registry.npmjs.org/ms/-/ms-2.0.0.tgz",
            "integrity": "sha1-VgiurfwAvmwpAd9fmGF4jeDVl8g="
        },
        "muri": {
            "version": "1.3.0",
            "resolved": "https://registry.npmjs.org/muri/-/muri-1.3.0.tgz",
            "integrity": "sha512-FiaFwKl864onHFFUV/a2szAl7X0fxVlSKNdhTf+BM8i8goEgYut8u5P9MqQqIYwvaMxjzVESsoEm/2kfkFH1rg=="
        },
        "normalize-package-data": {
            "version": "2.5.0",
            "resolved": "https://registry.npmjs.org/normalize-package-data/-/normalize-package-data-2.5.0.tgz",
            "integrity": "sha512-/5CMN3T0R4XTj4DcGaexo+roZSdSFW/0AOOTROrjxzCG1wrWXEsGbRKevjlIL+ZDE4sZlJr5ED4YW0yqmkK+eA==",
            "dev": true,
            "requires": {
                "hosted-git-info": "^2.1.4",
                "resolve": "^1.10.0",
                "semver": "2 || 3 || 4 || 5",
                "validate-npm-package-license": "^3.0.1"
            },
            "dependencies": {
                "semver": {
                    "version": "5.7.0",
                    "resolved": "https://registry.npmjs.org/semver/-/semver-5.7.0.tgz",
                    "integrity": "sha512-Ya52jSX2u7QKghxeoFGpLwCtGlt7j0oY9DYb5apt9nPlJ42ID+ulTXESnt/qAQcoSERyZ5sl3LDIOw0nAn/5DA==",
                    "dev": true
                }
            }
        },
        "object-keys": {
            "version": "1.1.1",
            "resolved": "https://registry.npmjs.org/object-keys/-/object-keys-1.1.1.tgz",
            "integrity": "sha512-NuAESUOUMrlIXOfHKzD6bpPu3tYt3xvjNdRIQ+FeT0lNb4K8WR70CaDxhuNguS2XG+GjkyMwOzsN5ZktImfhLA==",
            "dev": true
        },
        "p-limit": {
            "version": "1.3.0",
            "resolved": "https://registry.npmjs.org/p-limit/-/p-limit-1.3.0.tgz",
            "integrity": "sha512-vvcXsLAJ9Dr5rQOPk7toZQZJApBl2K4J6dANSsEuh6QI41JYcsS/qhTGa9ErIUUgK3WNQoJYvylxvjqmiqEA9Q==",
            "dev": true,
            "requires": {
                "p-try": "^1.0.0"
            }
        },
        "p-locate": {
            "version": "2.0.0",
            "resolved": "https://registry.npmjs.org/p-locate/-/p-locate-2.0.0.tgz",
            "integrity": "sha1-IKAQOyIqcMj9OcwuWAaA893l7EM=",
            "dev": true,
            "requires": {
                "p-limit": "^1.1.0"
            }
        },
        "p-try": {
            "version": "1.0.0",
            "resolved": "https://registry.npmjs.org/p-try/-/p-try-1.0.0.tgz",
            "integrity": "sha1-y8ec26+P1CKOE/Yh8rGiN8GyB7M=",
            "dev": true
        },
        "parse-json": {
            "version": "2.2.0",
            "resolved": "https://registry.npmjs.org/parse-json/-/parse-json-2.2.0.tgz",
            "integrity": "sha1-9ID0BDTvgHQfhGkJn43qGPVaTck=",
            "dev": true,
            "requires": {
                "error-ex": "^1.2.0"
            }
        },
        "path-exists": {
            "version": "3.0.0",
            "resolved": "https://registry.npmjs.org/path-exists/-/path-exists-3.0.0.tgz",
            "integrity": "sha1-zg6+ql94yxiSXqfYENe1mwEP1RU=",
            "dev": true
        },
        "path-parse": {
            "version": "1.0.6",
            "resolved": "https://registry.npmjs.org/path-parse/-/path-parse-1.0.6.tgz",
            "integrity": "sha512-GSmOT2EbHrINBf9SR7CDELwlJ8AENk3Qn7OikK4nFYAu3Ote2+JYNVvkpAEQm3/TLNEJFD/xZJjzyxg3KBWOzw==",
            "dev": true
        },
        "path-type": {
            "version": "2.0.0",
            "resolved": "https://registry.npmjs.org/path-type/-/path-type-2.0.0.tgz",
            "integrity": "sha1-8BLMuEFbcJb8LaoQVMPXI4lZTHM=",
            "dev": true,
            "requires": {
                "pify": "^2.0.0"
            },
            "dependencies": {
                "pify": {
                    "version": "2.3.0",
                    "resolved": "https://registry.npmjs.org/pify/-/pify-2.3.0.tgz",
                    "integrity": "sha1-7RQaasBDqEnqWISY59yosVMw6Qw=",
                    "dev": true
                }
            }
        },
        "pkg-dir": {
            "version": "2.0.0",
            "resolved": "https://registry.npmjs.org/pkg-dir/-/pkg-dir-2.0.0.tgz",
            "integrity": "sha1-9tXREJ4Z1j7fQo4L1X4Sd3YVM0s=",
            "dev": true,
            "requires": {
                "find-up": "^2.1.0"
            }
        },
        "pseudomap": {
            "version": "1.0.2",
            "resolved": "https://registry.npmjs.org/pseudomap/-/pseudomap-1.0.2.tgz",
            "integrity": "sha1-8FKijacOYYkX7wqKw0wa5aaChrM="
        },
        "read-pkg": {
            "version": "2.0.0",
            "resolved": "https://registry.npmjs.org/read-pkg/-/read-pkg-2.0.0.tgz",
            "integrity": "sha1-jvHAYjxqbbDcZxPEv6xGMysjaPg=",
            "dev": true,
            "requires": {
                "load-json-file": "^2.0.0",
                "normalize-package-data": "^2.3.2",
                "path-type": "^2.0.0"
            }
        },
        "read-pkg-up": {
            "version": "2.0.0",
            "resolved": "https://registry.npmjs.org/read-pkg-up/-/read-pkg-up-2.0.0.tgz",
            "integrity": "sha1-a3KoBImE4MQeeVEP1en6mbO1Sb4=",
            "dev": true,
            "requires": {
                "find-up": "^2.0.0",
                "read-pkg": "^2.0.0"
            }
        },
        "regexp-clone": {
            "version": "0.0.1",
            "resolved": "https://registry.npmjs.org/regexp-clone/-/regexp-clone-0.0.1.tgz",
            "integrity": "sha1-p8LgmJH9vzj7sQ03b7cwA+aKxYk="
        },
        "require_optional": {
            "version": "1.0.1",
            "resolved": "https://registry.npmjs.org/require_optional/-/require_optional-1.0.1.tgz",
            "integrity": "sha512-qhM/y57enGWHAe3v/NcwML6a3/vfESLe/sGM2dII+gEO0BpKRUkWZow/tyloNqJyN6kXSl3RyyM8Ll5D/sJP8g==",
            "requires": {
                "resolve-from": "^2.0.0",
                "semver": "^5.1.0"
            },
            "dependencies": {
                "semver": {
                    "version": "5.7.0",
                    "resolved": "https://registry.npmjs.org/semver/-/semver-5.7.0.tgz",
                    "integrity": "sha512-Ya52jSX2u7QKghxeoFGpLwCtGlt7j0oY9DYb5apt9nPlJ42ID+ulTXESnt/qAQcoSERyZ5sl3LDIOw0nAn/5DA=="
                }
            }
        },
        "resolve": {
            "version": "1.11.0",
            "resolved": "https://registry.npmjs.org/resolve/-/resolve-1.11.0.tgz",
            "integrity": "sha512-WL2pBDjqT6pGUNSUzMw00o4T7If+z4H2x3Gz893WoUQ5KW8Vr9txp00ykiP16VBaZF5+j/OcXJHZ9+PCvdiDKw==",
            "dev": true,
            "requires": {
                "path-parse": "^1.0.6"
            }
        },
        "resolve-from": {
            "version": "2.0.0",
            "resolved": "https://registry.npmjs.org/resolve-from/-/resolve-from-2.0.0.tgz",
            "integrity": "sha1-lICrIOlP+h2egKgEx+oUdhGWa1c="
        },
        "retry-as-promised": {
            "version": "3.2.0",
            "resolved": "https://registry.npmjs.org/retry-as-promised/-/retry-as-promised-3.2.0.tgz",
            "integrity": "sha512-CybGs60B7oYU/qSQ6kuaFmRd9sTZ6oXSc0toqePvV74Ac6/IFZSI1ReFQmtCN+uvW1Mtqdwpvt/LGOiCBAY2Mg==",
            "requires": {
                "any-promise": "^1.3.0"
            }
        },
        "safe-buffer": {
            "version": "5.1.2",
            "resolved": "https://registry.npmjs.org/safe-buffer/-/safe-buffer-5.1.2.tgz",
            "integrity": "sha512-Gd2UZBJDkXlY7GbJxfsE8/nvKkUEU1G38c1siN6QP6a9PT9MmHB8GnpscSmMJSoF8LOIrt8ud/wPtojys4G6+g=="
        },
        "semver": {
            "version": "5.7.0",
            "resolved": "https://registry.npmjs.org/semver/-/semver-5.7.0.tgz",
            "integrity": "sha512-Ya52jSX2u7QKghxeoFGpLwCtGlt7j0oY9DYb5apt9nPlJ42ID+ulTXESnt/qAQcoSERyZ5sl3LDIOw0nAn/5DA=="
        },
        "sequelize": {
            "version": "5.8.11",
            "resolved": "https://registry.npmjs.org/sequelize/-/sequelize-5.8.11.tgz",
            "integrity": "sha512-liaJWsXBxB1GUqUMNudX0eh8N7Rb5oTQcKdE6UZnW6efumkEU96BzGQvk3SXonaJs4KlfG7Zm8kozLjv3nXTiQ==",
            "requires": {
                "bluebird": "^3.5.0",
                "cls-bluebird": "^2.1.0",
                "debug": "^4.1.1",
                "dottie": "^2.0.0",
                "inflection": "1.12.0",
                "lodash": "^4.17.11",
                "moment": "^2.24.0",
                "moment-timezone": "^0.5.21",
                "retry-as-promised": "^3.1.0",
                "semver": "^5.6.0",
                "sequelize-pool": "^2.1.0",
                "toposort-class": "^1.0.1",
                "uuid": "^3.2.1",
                "validator": "^10.11.0",
                "wkx": "^0.4.6"
            },
            "dependencies": {
                "debug": {
                    "version": "4.1.1",
                    "resolved": "https://registry.npmjs.org/debug/-/debug-4.1.1.tgz",
                    "integrity": "sha512-pYAIzeRo8J6KPEaJ0VWOh5Pzkbw/RetuzehGM7QRRX5he4fPHx2rdKMB256ehJCkX+XRQm16eZLqLNS8RSZXZw==",
                    "requires": {
                        "ms": "^2.1.1"
                    }
                },
                "lodash": {
                    "version": "4.17.11",
                    "resolved": "https://registry.npmjs.org/lodash/-/lodash-4.17.11.tgz",
                    "integrity": "sha512-cQKh8igo5QUhZ7lg38DYWAxMvjSAKG0A8wGSVimP07SIUEK2UO+arSRKbRZWtelMtN5V0Hkwh5ryOto/SshYIg=="
                },
                "ms": {
                    "version": "2.1.2",
                    "resolved": "https://registry.npmjs.org/ms/-/ms-2.1.2.tgz",
                    "integrity": "sha512-sGkPx+VjMtmA6MX27oA4FBFELFCZZ4S4XqeGOXCv68tT+jb3vk/RyaKWP0PTKyWtmLSM0b+adUTEvbs1PEaH2w=="
                }
            }
        },
        "sequelize-pool": {
            "version": "2.1.0",
            "resolved": "https://registry.npmjs.org/sequelize-pool/-/sequelize-pool-2.1.0.tgz",
            "integrity": "sha512-NDy4qJPxm6+i7FEQqAsJPKVmKLOgorQJ5fYxrTNmvhb3QAbC5nAUxftiIOKQCyYXhWSgPBlDw7eJQozavmq45g=="
        },
        "sequelize-transparent-cache": {
            "version": "github:quaNode/sequelize-transparent-cache#c6c936010b605879b1314569d7cda47eb401926a",
            "from": "github:quaNode/sequelize-transparent-cache"
        },
        "sequelize-transparent-cache-variable": {
            "version": "github:quaNode/sequelize-transparent-cache-variable#41b85672fda43f7c23576751cb905556bcc93385",
            "from": "github:quaNode/sequelize-transparent-cache-variable",
            "requires": {
                "lru-cache": "4.0.x"
            },
            "dependencies": {
                "lru-cache": {
                    "version": "4.0.2",
                    "resolved": "https://registry.npmjs.org/lru-cache/-/lru-cache-4.0.2.tgz",
                    "integrity": "sha1-HRdnnAac2l0ECZGgnbwsDbN35V4=",
                    "requires": {
                        "pseudomap": "^1.0.1",
                        "yallist": "^2.0.0"
                    }
                }
            }
        },
        "shimmer": {
            "version": "1.2.1",
            "resolved": "https://registry.npmjs.org/shimmer/-/shimmer-1.2.1.tgz",
            "integrity": "sha512-sQTKC1Re/rM6XyFM6fIAGHRPVGvyXfgzIDvzoq608vM+jeyVD0Tu1E6Np0Kc2zAIFWIj963V2800iF/9LPieQw=="
        },
        "sliced": {
            "version": "1.0.1",
            "resolved": "https://registry.npmjs.org/sliced/-/sliced-1.0.1.tgz",
            "integrity": "sha1-CzpmK10Ewxd7GSa+qCsD+Dei70E="
        },
        "spdx-correct": {
            "version": "3.1.0",
            "resolved": "https://registry.npmjs.org/spdx-correct/-/spdx-correct-3.1.0.tgz",
            "integrity": "sha512-lr2EZCctC2BNR7j7WzJ2FpDznxky1sjfxvvYEyzxNyb6lZXHODmEoJeFu4JupYlkfha1KZpJyoqiJ7pgA1qq8Q==",
            "dev": true,
            "requires": {
                "spdx-expression-parse": "^3.0.0",
                "spdx-license-ids": "^3.0.0"
            }
        },
        "spdx-exceptions": {
            "version": "2.2.0",
            "resolved": "https://registry.npmjs.org/spdx-exceptions/-/spdx-exceptions-2.2.0.tgz",
            "integrity": "sha512-2XQACfElKi9SlVb1CYadKDXvoajPgBVPn/gOQLrTvHdElaVhr7ZEbqJaRnJLVNeaI4cMEAgVCeBMKF6MWRDCRA==",
            "dev": true
        },
        "spdx-expression-parse": {
            "version": "3.0.0",
            "resolved": "https://registry.npmjs.org/spdx-expression-parse/-/spdx-expression-parse-3.0.0.tgz",
            "integrity": "sha512-Yg6D3XpRD4kkOmTpdgbUiEJFKghJH03fiC1OPll5h/0sO6neh2jqRDVHOQ4o/LMea0tgCkbMgea5ip/e+MkWyg==",
            "dev": true,
            "requires": {
                "spdx-exceptions": "^2.1.0",
                "spdx-license-ids": "^3.0.0"
            }
        },
        "spdx-license-ids": {
            "version": "3.0.4",
            "resolved": "https://registry.npmjs.org/spdx-license-ids/-/spdx-license-ids-3.0.4.tgz",
            "integrity": "sha512-7j8LYJLeY/Yb6ACbQ7F76qy5jHkp0U6jgBfJsk97bwWlVUnUWsAgpyaCvo17h0/RQGnQ036tVDomiwoI4pDkQA==",
            "dev": true
        },
        "strip-bom": {
            "version": "3.0.0",
            "resolved": "https://registry.npmjs.org/strip-bom/-/strip-bom-3.0.0.tgz",
            "integrity": "sha1-IzTBjpx1n3vdVv3vfprj1YjmjtM=",
            "dev": true
        },
        "toposort-class": {
            "version": "1.0.1",
            "resolved": "https://registry.npmjs.org/toposort-class/-/toposort-class-1.0.1.tgz",
            "integrity": "sha1-f/0feMi+KMO6Rc1OGj9e4ZO9mYg="
        },
        "util-deprecate": {
            "version": "1.0.2",
            "resolved": "https://registry.npmjs.org/util-deprecate/-/util-deprecate-1.0.2.tgz",
            "integrity": "sha1-RQ1Nyfpw3nMnYvvS1KKJgUGaDM8="
        },
        "uuid": {
            "version": "3.3.2",
            "resolved": "https://registry.npmjs.org/uuid/-/uuid-3.3.2.tgz",
            "integrity": "sha512-yXJmeNaw3DnnKAOKJE51sL/ZaYfWJRl1pK9dr19YFCu0ObS231AB1/LbqTKRAQ5kw8A90rA6fr4riOUpTZvQZA=="
        },
        "validate-npm-package-license": {
            "version": "3.0.4",
            "resolved": "https://registry.npmjs.org/validate-npm-package-license/-/validate-npm-package-license-3.0.4.tgz",
            "integrity": "sha512-DpKm2Ui/xN7/HQKCtpZxoRWBhZ9Z0kqtygG8XCgNQ8ZlDnxuQmWhj566j8fN4Cu3/JmbhsDo7fcAJq4s9h27Ew==",
            "dev": true,
            "requires": {
                "spdx-correct": "^3.0.0",
                "spdx-expression-parse": "^3.0.0"
            }
        },
        "validator": {
            "version": "10.11.0",
            "resolved": "https://registry.npmjs.org/validator/-/validator-10.11.0.tgz",
            "integrity": "sha512-X/p3UZerAIsbBfN/IwahhYaBbY68EN/UQBWHtsbXGT5bfrH/p4NQzUCG1kF/rtKaNpnJ7jAu6NGTdSNtyNIXMw=="
        },
        "wkx": {
            "version": "0.4.7",
            "resolved": "https://registry.npmjs.org/wkx/-/wkx-0.4.7.tgz",
            "integrity": "sha512-pHf546L96TK8RradLt1cWaIffstgv/zXZ14CGz5KnBs1AxBX0wm+IDphjJw0qrEqRv8P9W9CdTt8Z1unMRZ19A==",
            "requires": {
                "@types/node": "*"
            }
        },
        "yallist": {
            "version": "2.1.2",
            "resolved": "https://registry.npmjs.org/yallist/-/yallist-2.1.2.tgz",
            "integrity": "sha1-HBH5IY8HYImkfdUS+TxmmaaoHVI="
        }
    }
}
